bash=5.3-2ubuntu1
bash-completion=1:2.16.0-8build1
build-essential=12.12ubuntu2.26.04.2
ca-certificates=20260601~26.04.1
curl=8.18.0-1ubuntu2.4
docker-buildx=0.30.1-0ubuntu1
docker-compose-v2=2.40.3+ds1-0ubuntu1
docker.io=29.1.3-0ubuntu4.1
ghostty=1.3.0~us1-0ubuntu1.1
git=1:2.53.0-1ubuntu1
gnupg=2.4.8-4ubuntu3.1
starship=1.22.1-9ubuntu1
sudo=1.9.17p2-1ubuntu3
python3=3.14.3-0ubuntu2
python3-venv=3.14.3-0ubuntu2
python3-gi=3.56.2-1
python3-yaml=6.0.3-1build1
python3-json5=0.10.0-1
tar=1.35+dfsg-4ubuntu0.4
unzip=6.0-29ubuntu1
wget=1.25.0-2ubuntu4.4
btop=1.4.6-2
eza=0.23.4-1ubuntu1
fd-find=10.3.0-2ubuntu1
fzf=0.67.0-1
jq=1.8.1-4ubuntu2
neovim=0.11.6-1
ripgrep=15.1.0-1ubuntu1
zoxide=0.9.8-1
bat=0.25.0-5ubuntu1
lazygit=0.57.0+ds1-1
tree=2.3.1-1
wl-clipboard=2.2.1-2build1
xdg-utils=1.2.1-2ubuntu2
fontconfig=2.17.1-3ubuntu1
fonts-inter=4.1+ds-1
fonts-inter-variable=4.1+ds-1
libglib2.0-bin=2.88.0-1
nodejs=22.22.1+dfsg+~cs22.19.15-1ubuntu1
npm=9.2.0~ds3-1
cargo=1.93.1ubuntu1
rustc=1.93.1ubuntu1
pkg-config=2.5.1-4
libssl-dev=3.5.5-1ubuntu3.5
gnome-shell-ubuntu-extensions=50.26.04.7ubuntu
gnome-themes-extra=3.28-5
gtk2-engines-murrine=0.98.2-4ubuntu1
dbus-x11=1.16.2-2ubuntu4
gh=2.46.0-4
pipx=1.8.0-1
cmake=4.2.3-2ubuntu2
ninja-build=1.13.2-1
default-jdk=2:1.25-77
maven=3.9.12-1
code=1.136.1-1788413865
openssh-client=1:10.2p1-2ubuntu3.6
locales=2.43-2ubuntu2.3
ncurses-term=6.6+20251231-1
libgtk-3-bin=3.24.52-0ubuntu1
tmux=3.6a-2ubuntu0.1
