{
  "name": "workstation-tools",
  "lockfileVersion": 3,
  "requires": true,
  "packages": {
    "": {
      "name": "workstation-tools",
      "dependencies": {
        "@anthropic-ai/claude-code": "2.1.261",
        "@openai/codex": "0.153.4",
        "opencode-ai": "1.18.27"
      }
    },
    "node_modules/@anthropic-ai/claude-code": {
      "version": "2.1.261",
      "resolved": "https://registry.npmjs.org/@anthropic-ai/claude-code/-/claude-code-2.1.261.tgz",
      "integrity": "sha512-j6+AkfCl6/UJBcx66nlZUmWc4XGK3TscvW19Tiat+oDwkz3WqQfKzjvHO5FhR+shXTtktqs6vqSBrJmeSWpU3Q==",
      "hasInstallScript": true,
      "license": "SEE LICENSE IN README.md",
      "bin": {
        "claude": "bin/claude.exe"
      },
      "engines": {
        "node": ">=22.0.0"
      },
      "optionalDependencies": {
        "@anthropic-ai/claude-code-darwin-arm64": "2.1.261",
        "@anthropic-ai/claude-code-darwin-x64": "2.1.261",
        "@anthropic-ai/claude-code-linux-arm64": "2.1.261",
        "@anthropic-ai/claude-code-linux-arm64-musl": "2.1.261",
        "@anthropic-ai/claude-code-linux-x64": "2.1.261",
        "@anthropic-ai/claude-code-linux-x64-musl": "2.1.261",
        "@anthropic-ai/claude-code-win32-arm64": "2.1.261",
        "@anthropic-ai/claude-code-win32-x64": "2.1.261"
      }
    },
    "node_modules/@anthropic-ai/claude-code-darwin-arm64": {
      "version": "2.1.261",
      "resolved": "https://registry.npmjs.org/@anthropic-ai/claude-code-darwin-arm64/-/claude-code-darwin-arm64-2.1.261.tgz",
      "integrity": "sha512-HW2cIc5MWj9BOzLxm+3zNTfidepTMAFirwYO8H2ywTamOZvmwb8LzvRlRDLgUzEpUJBIkv9bEvI/RxfMk3zKOg==",
      "cpu": [
        "arm64"
      ],
      "license": "SEE LICENSE IN LICENSE.md",
      "optional": true,
      "os": [
        "darwin"
      ]
    },
    "node_modules/@anthropic-ai/claude-code-darwin-x64": {
      "version": "2.1.261",
      "resolved": "https://registry.npmjs.org/@anthropic-ai/claude-code-darwin-x64/-/claude-code-darwin-x64-2.1.261.tgz",
      "integrity": "sha512-gg/I/q0RBE+3mJW4tEJW+h+egnhwWkyD5WQwnsHe2IomssbpGdf3UwqCVkMitQ7d22ws49O8QWon/v5Sx5gYow==",
      "cpu": [
        "x64"
      ],
      "license": "SEE LICENSE IN LICENSE.md",
      "optional": true,
      "os": [
        "darwin"
      ]
    },
    "node_modules/@anthropic-ai/claude-code-linux-arm64": {
      "version": "2.1.261",
      "resolved": "https://registry.npmjs.org/@anthropic-ai/claude-code-linux-arm64/-/claude-code-linux-arm64-2.1.261.tgz",
      "integrity": "sha512-CfQNubIdasazT4vAduqx6wqWWUnUvwoVALXmPlZJ1LZFpv6iaZmdsTVB/dPniczEWDJ6kZZLsoEyDwhqbrKkwg==",
      "cpu": [
        "arm64"
      ],
      "libc": [
        "glibc"
      ],
      "license": "SEE LICENSE IN LICENSE.md",
      "optional": true,
      "os": [
        "linux"
      ]
    },
    "node_modules/@anthropic-ai/claude-code-linux-arm64-musl": {
      "version": "2.1.261",
      "resolved": "https://registry.npmjs.org/@anthropic-ai/claude-code-linux-arm64-musl/-/claude-code-linux-arm64-musl-2.1.261.tgz",
      "integrity": "sha512-Bbyp9McR0UITqu9utUq2Mk1VL2ZoDkmEzZjzTzOuEjlDAdOSUECOpeXj4Pp0MoEi46wWfHwG9GEcV9FX+aIzWQ==",
      "cpu": [
        "arm64"
      ],
      "libc": [
        "musl"
      ],
      "license": "SEE LICENSE IN LICENSE.md",
      "optional": true,
      "os": [
        "linux"
      ]
    },
    "node_modules/@anthropic-ai/claude-code-linux-x64": {
      "version": "2.1.261",
      "resolved": "https://registry.npmjs.org/@anthropic-ai/claude-code-linux-x64/-/claude-code-linux-x64-2.1.261.tgz",
      "integrity": "sha512-t7yPrjZH7/xOPR0HYg8NDBr9dGqIi2y3dCDLKmx2zHedSHjAGxoX7HnHeXr1tdk3iw2a6sM/LsV9O7/+Ar86FA==",
      "cpu": [
        "x64"
      ],
      "libc": [
        "glibc"
      ],
      "license": "SEE LICENSE IN LICENSE.md",
      "optional": true,
      "os": [
        "linux"
      ]
    },
    "node_modules/@anthropic-ai/claude-code-linux-x64-musl": {
      "version": "2.1.261",
      "resolved": "https://registry.npmjs.org/@anthropic-ai/claude-code-linux-x64-musl/-/claude-code-linux-x64-musl-2.1.261.tgz",
      "integrity": "sha512-Yu4r3XwGWy+Z4lvLMMU6UaUwIuyM1lrfxmUmA4xCaiw1/LkUPLp3UX56ZKcobmPsFq/xwu5ULHfFqRifZTOY2w==",
      "cpu": [
        "x64"
      ],
      "libc": [
        "musl"
      ],
      "license": "SEE LICENSE IN LICENSE.md",
      "optional": true,
      "os": [
        "linux"
      ]
    },
    "node_modules/@anthropic-ai/claude-code-win32-arm64": {
      "version": "2.1.261",
      "resolved": "https://registry.npmjs.org/@anthropic-ai/claude-code-win32-arm64/-/claude-code-win32-arm64-2.1.261.tgz",
      "integrity": "sha512-0JgclPx5WsIimpRonJQlnMvOAzg3EvbstbSYrWaqTGnbuW7eiCk1v9+zAVjnhIJ3uAs9JBavmP55QNdRVYlwng==",
      "cpu": [
        "arm64"
      ],
      "license": "SEE LICENSE IN LICENSE.md",
      "optional": true,
      "os": [
        "win32"
      ]
    },
    "node_modules/@anthropic-ai/claude-code-win32-x64": {
      "version": "2.1.261",
      "resolved": "https://registry.npmjs.org/@anthropic-ai/claude-code-win32-x64/-/claude-code-win32-x64-2.1.261.tgz",
      "integrity": "sha512-QtUUxcOz3gsMiO2d99QGCRaqcjtpYBudioUXMNH9ImeGqqbLArbjJKvder7uAVzhr8lRvk+DUIOwaqjV8kUNXA==",
      "cpu": [
        "x64"
      ],
      "license": "SEE LICENSE IN LICENSE.md",
      "optional": true,
      "os": [
        "win32"
      ]
    },
    "node_modules/@openai/codex": {
      "version": "0.153.4",
      "resolved": "https://registry.npmjs.org/@openai/codex/-/codex-0.153.4.tgz",
      "integrity": "sha512-wbHDmit7S/YvBGVX1DQmk13xtWblZ2cApeJ/pB7xDZ10Cna+DZc5ij7f0F4OxdsXN4FW1oLT48OpogUI1+8Y2w==",
      "license": "Apache-2.0",
      "bin": {
        "codex": "bin/codex.js"
      },
      "engines": {
        "node": ">=16"
      },
      "optionalDependencies": {
        "@openai/codex-darwin-arm64": "npm:@openai/codex@0.153.4-darwin-arm64",
        "@openai/codex-darwin-x64": "npm:@openai/codex@0.153.4-darwin-x64",
        "@openai/codex-linux-arm64": "npm:@openai/codex@0.153.4-linux-arm64",
        "@openai/codex-linux-x64": "npm:@openai/codex@0.153.4-linux-x64",
        "@openai/codex-win32-arm64": "npm:@openai/codex@0.153.4-win32-arm64",
        "@openai/codex-win32-x64": "npm:@openai/codex@0.153.4-win32-x64"
      }
    },
    "node_modules/@openai/codex-darwin-arm64": {
      "name": "@openai/codex",
      "version": "0.153.4-darwin-arm64",
      "resolved": "https://registry.npmjs.org/@openai/codex/-/codex-0.153.4-darwin-arm64.tgz",
      "integrity": "sha512-B1qhN3fa1ay0R0wGziXqgwSkB5icpYChNKHhtBHff/0UtSTC7z+l8aTtvMlGjH3E8HEvY3+njIJelM9CAAoVWg==",
      "cpu": [
        "arm64"
      ],
      "license": "Apache-2.0",
      "optional": true,
      "os": [
        "darwin"
      ],
      "engines": {
        "node": ">=16"
      }
    },
    "node_modules/@openai/codex-darwin-x64": {
      "name": "@openai/codex",
      "version": "0.153.4-darwin-x64",
      "resolved": "https://registry.npmjs.org/@openai/codex/-/codex-0.153.4-darwin-x64.tgz",
      "integrity": "sha512-vnSbbPzfoDZmmyzsxswsDDXQ06IVFBzkQU7/hroB3ji93Ok2utcsq8Psfk2tjF5r9mEx8RWFJhzuTGHG26/NDA==",
      "cpu": [
        "x64"
      ],
      "license": "Apache-2.0",
      "optional": true,
      "os": [
        "darwin"
      ],
      "engines": {
        "node": ">=16"
      }
    },
    "node_modules/@openai/codex-linux-arm64": {
      "name": "@openai/codex",
      "version": "0.153.4-linux-arm64",
      "resolved": "https://registry.npmjs.org/@openai/codex/-/codex-0.153.4-linux-arm64.tgz",
      "integrity": "sha512-QKdjYLYV4hXIuUQDP3P6F4NXuWFoKo9WUoV4nAREIx55kiUyi8UsYdsVobkeXir5n/maEQgYMCKLHVma4rNPiw==",
      "cpu": [
        "arm64"
      ],
      "license": "Apache-2.0",
      "optional": true,
      "os": [
        "linux"
      ],
      "engines": {
        "node": ">=16"
      }
    },
    "node_modules/@openai/codex-linux-x64": {
      "name": "@openai/codex",
      "version": "0.153.4-linux-x64",
      "resolved": "https://registry.npmjs.org/@openai/codex/-/codex-0.153.4-linux-x64.tgz",
      "integrity": "sha512-x1EcwBlY3AObM1VTUHNM2AzAJQsyreGdagpF+qFiYi/Oa30VBktvvG0C6tLtCzqW6hjZNWkGZQWmeVk7MuJKWg==",
      "cpu": [
        "x64"
      ],
      "license": "Apache-2.0",
      "optional": true,
      "os": [
        "linux"
      ],
      "engines": {
        "node": ">=16"
      }
    },
    "node_modules/@openai/codex-win32-arm64": {
      "name": "@openai/codex",
      "version": "0.153.4-win32-arm64",
      "resolved": "https://registry.npmjs.org/@openai/codex/-/codex-0.153.4-win32-arm64.tgz",
      "integrity": "sha512-/FBh42976ltF1kxDoPQBg1Q6+hwChRU5/sm5dfeC8kFVQMvOCGoGeY5d8rRZGVJE8XojlXo74VQb0sHowcfgBw==",
      "cpu": [
        "arm64"
      ],
      "license": "Apache-2.0",
      "optional": true,
      "os": [
        "win32"
      ],
      "engines": {
        "node": ">=16"
      }
    },
    "node_modules/@openai/codex-win32-x64": {
      "name": "@openai/codex",
      "version": "0.153.4-win32-x64",
      "resolved": "https://registry.npmjs.org/@openai/codex/-/codex-0.153.4-win32-x64.tgz",
      "integrity": "sha512-lMkB43kJZH0VFr+hoXc11qqR7QtQIbkr07ALgj4urKL1osNyUyuy1iXd3Vzz2iCYvBUCSw7I0l/W1cEPGx9euQ==",
      "cpu": [
        "x64"
      ],
      "license": "Apache-2.0",
      "optional": true,
      "os": [
        "win32"
      ],
      "engines": {
        "node": ">=16"
      }
    },
    "node_modules/opencode-ai": {
      "version": "1.18.27",
      "resolved": "https://registry.npmjs.org/opencode-ai/-/opencode-ai-1.18.27.tgz",
      "integrity": "sha512-5xrG2gQEwV2sLus30SZX9GyLbPX3z57BCxddedDM0wx1bgnwlHVLOS/FD2uve7fEZlmkr7KYFbvs65ySz1rwzA==",
      "cpu": [
        "arm64",
        "x64"
      ],
      "hasInstallScript": true,
      "license": "MIT",
      "os": [
        "darwin",
        "linux",
        "win32"
      ],
      "bin": {
        "opencode": "bin/opencode.exe"
      },
      "optionalDependencies": {
        "opencode-darwin-arm64": "1.18.27",
        "opencode-darwin-x64": "1.18.27",
        "opencode-darwin-x64-baseline": "1.18.27",
        "opencode-linux-arm64": "1.18.27",
        "opencode-linux-arm64-musl": "1.18.27",
        "opencode-linux-x64": "1.18.27",
        "opencode-linux-x64-baseline": "1.18.27",
        "opencode-linux-x64-baseline-musl": "1.18.27",
        "opencode-linux-x64-musl": "1.18.27",
        "opencode-windows-arm64": "1.18.27",
        "opencode-windows-x64": "1.18.27",
        "opencode-windows-x64-baseline": "1.18.27"
      }
    },
    "node_modules/opencode-darwin-arm64": {
      "version": "1.18.27",
      "resolved": "https://registry.npmjs.org/opencode-darwin-arm64/-/opencode-darwin-arm64-1.18.27.tgz",
      "integrity": "sha512-Vkxv2Q0Ne5fKpB/6kyv3fgVuS4PObVlWWYpyC+O39iaSQSFmYoKn2CmXRid0RVXIku6z4GSgv2TpINJXlGGMNA==",
      "cpu": [
        "arm64"
      ],
      "optional": true,
      "os": [
        "darwin"
      ]
    },
    "node_modules/opencode-darwin-x64": {
      "version": "1.18.27",
      "resolved": "https://registry.npmjs.org/opencode-darwin-x64/-/opencode-darwin-x64-1.18.27.tgz",
      "integrity": "sha512-ypweBfeKS8E+fEG3F1SKrctxK2ecmwOwdGaPTbyVXj6hnI3FUvVscfMHS1xDLts/qGbhNQ0yCcfgs6iEgd/zKw==",
      "cpu": [
        "x64"
      ],
      "optional": true,
      "os": [
        "darwin"
      ]
    },
    "node_modules/opencode-darwin-x64-baseline": {
      "version": "1.18.27",
      "resolved": "https://registry.npmjs.org/opencode-darwin-x64-baseline/-/opencode-darwin-x64-baseline-1.18.27.tgz",
      "integrity": "sha512-ZJCx6aq4sjsG+4gTgZ2NrZemfKlngIePb+IvfJRRv6J838HxOi6JjIbv/vIY1dN70AUaK8wj68zVrDjPXDBNVQ==",
      "cpu": [
        "x64"
      ],
      "optional": true,
      "os": [
        "darwin"
      ]
    },
    "node_modules/opencode-linux-arm64": {
      "version": "1.18.27",
      "resolved": "https://registry.npmjs.org/opencode-linux-arm64/-/opencode-linux-arm64-1.18.27.tgz",
      "integrity": "sha512-6PPJ+m5kuzA7uUS+Kem6+h2Nn0Dl2siz7B36h/9Y21ga3WNN6a0klo2Obu+Vbq63i8Th2XRFflvsi/r5u76PcA==",
      "cpu": [
        "arm64"
      ],
      "optional": true,
      "os": [
        "linux"
      ]
    },
    "node_modules/opencode-linux-arm64-musl": {
      "version": "1.18.27",
      "resolved": "https://registry.npmjs.org/opencode-linux-arm64-musl/-/opencode-linux-arm64-musl-1.18.27.tgz",
      "integrity": "sha512-Il0Ft+TJrB7UdrzHe+DlY70Y+FLIORobg4uFFHQy8vRrG370WTpQtoml6eksxzwrTNtUozIOaLuK1FNvoI2zPg==",
      "cpu": [
        "arm64"
      ],
      "libc": [
        "musl"
      ],
      "optional": true,
      "os": [
        "linux"
      ]
    },
    "node_modules/opencode-linux-x64": {
      "version": "1.18.27",
      "resolved": "https://registry.npmjs.org/opencode-linux-x64/-/opencode-linux-x64-1.18.27.tgz",
      "integrity": "sha512-hxoPQCv6z/iYh3f8ZlAhJQ0RgzfJZQNOM1ZLRkx7juiZBmtLQLgFtDRiFNhqOKlKgDWsg131fOEEWwsT778aWA==",
      "cpu": [
        "x64"
      ],
      "optional": true,
      "os": [
        "linux"
      ]
    },
    "node_modules/opencode-linux-x64-baseline": {
      "version": "1.18.27",
      "resolved": "https://registry.npmjs.org/opencode-linux-x64-baseline/-/opencode-linux-x64-baseline-1.18.27.tgz",
      "integrity": "sha512-XM3OUFc9X3x7CFb2pgbfgFCKvzT3bj+KugBB7IQMff/kNE3R2msq6HzZQnPnGe6Gm5nl6hgIOT8pSi7Oyn0pGw==",
      "cpu": [
        "x64"
      ],
      "optional": true,
      "os": [
        "linux"
      ]
    },
    "node_modules/opencode-linux-x64-baseline-musl": {
      "version": "1.18.27",
      "resolved": "https://registry.npmjs.org/opencode-linux-x64-baseline-musl/-/opencode-linux-x64-baseline-musl-1.18.27.tgz",
      "integrity": "sha512-ov+sRE0qMr+Y0QO6YUZw8IlvsasMw3CpxgT0eH4YyPJdG11XkZ58kxiQLA38Y/2mrwTwBFfMNJsYHl2cuXGsmA==",
      "cpu": [
        "x64"
      ],
      "libc": [
        "musl"
      ],
      "optional": true,
      "os": [
        "linux"
      ]
    },
    "node_modules/opencode-linux-x64-musl": {
      "version": "1.18.27",
      "resolved": "https://registry.npmjs.org/opencode-linux-x64-musl/-/opencode-linux-x64-musl-1.18.27.tgz",
      "integrity": "sha512-SHxcbT7I/44pCKKDbdFnE2L7Viip34qZGZcBEJApS9aHcOayQTYcpL/9Oz5fti843VR1CN6WXPW3+a+NIemotQ==",
      "cpu": [
        "x64"
      ],
      "libc": [
        "musl"
      ],
      "optional": true,
      "os": [
        "linux"
      ]
    },
    "node_modules/opencode-windows-arm64": {
      "version": "1.18.27",
      "resolved": "https://registry.npmjs.org/opencode-windows-arm64/-/opencode-windows-arm64-1.18.27.tgz",
      "integrity": "sha512-MSvvd9/qergkSQEVM8k2ipxbaRjZcw4MlQcnFiwQbg41BdRgE9iwZOBk2EVFql6jyidzXBcxiQvsCvOz8ksy9Q==",
      "cpu": [
        "arm64"
      ],
      "optional": true,
      "os": [
        "win32"
      ]
    },
    "node_modules/opencode-windows-x64": {
      "version": "1.18.27",
      "resolved": "https://registry.npmjs.org/opencode-windows-x64/-/opencode-windows-x64-1.18.27.tgz",
      "integrity": "sha512-lbjyfjb2B0bTI56lw4bI8Aik2VBEmdLokW6xPit5Y89ZJw4o0gvbHabDylnbM06eBHarz/flvR8VE1PfAoxpqg==",
      "cpu": [
        "x64"
      ],
      "optional": true,
      "os": [
        "win32"
      ]
    },
    "node_modules/opencode-windows-x64-baseline": {
      "version": "1.18.27",
      "resolved": "https://registry.npmjs.org/opencode-windows-x64-baseline/-/opencode-windows-x64-baseline-1.18.27.tgz",
      "integrity": "sha512-jsnQOYRNekibOFaDcxpf8GCbsQm9eTdqmt4HAQskwttgoSFTVs/RBRntz61yXg3ki/2xWDLezJg+hr/QpPFnUA==",
      "cpu": [
        "x64"
      ],
      "optional": true,
      "os": [
        "win32"
      ]
    }
  }
}
